
Microsoft Visual Studio Solution File, Format Version 12.00
# Visual Studio Version 17
VisualStudioVersion = 17.8.34322.80
MinimumVisualStudioVersion = 10.0.40219.1
Project("{FAE04EC0-301F-11D3-BF4B-00C04F79EFBC}") = "PatikaWeek4Homework1", "PatikaWeek4Homework1\PatikaWeek4Homework1.csproj", "{B48D7C13-D3E1-4EEB-8031-D2CFC9968D94}"
EndProject
Global
	GlobalSection(SolutionConfigurationPlatforms) = preSolution
		Debug|Any CPU = Debug|Any CPU
		Release|Any CPU = Release|Any CPU
	EndGlobalSection
	GlobalSection(ProjectConfigurationPlatforms) = postSolution
		{B48D7C13-D3E1-4EEB-8031-D2CFC9968D94}.Debug|Any CPU.ActiveCfg = Debug|Any CPU
		{B48D7C13-D3E1-4EEB-8031-D2CFC9968D94}.Debug|Any CPU.Build.0 = Debug|Any CPU
		{B48D7C13-D3E1-4EEB-8031-D2CFC9968D94}.Release|Any CPU.ActiveCfg = Release|Any CPU
		{B48D7C13-D3E1-4EEB-8031-D2CFC9968D94}.Release|Any CPU.Build.0 = Release|Any CPU
	EndGlobalSection
	GlobalSection(SolutionProperties) = preSolution
		HideSolutionNode = FALSE
	EndGlobalSection
	GlobalSection(ExtensibilityGlobals) = postSolution
		SolutionGuid = {AE354CBC-88A8-4086-B455-B7F2966778B3}
	EndGlobalSection
EndGlobal
